
Microsoft Visual Studio Solution File, Format Version 12.00
# Visual Studio Version 16
VisualStudioVersion = 25.0.1704.3
MinimumVisualStudioVersion = 10.0.40219.1
Project("{FAE04EC0-301F-11D3-BF4B-00C04F79EFBC}") = "CI Platform", "CI Platform\CI Platform.csproj", "{749248B1-AF6C-421A-AA50-EAC7091FC937}"
EndProject
Global
	GlobalSection(SolutionConfigurationPlatforms) = preSolution
		Debug|Any CPU = Debug|Any CPU
		Release|Any CPU = Release|Any CPU
	EndGlobalSection
	GlobalSection(ProjectConfigurationPlatforms) = postSolution
		{749248B1-AF6C-421A-AA50-EAC7091FC937}.Debug|Any CPU.ActiveCfg = Debug|Any CPU
		{749248B1-AF6C-421A-AA50-EAC7091FC937}.Debug|Any CPU.Build.0 = Debug|Any CPU
		{749248B1-AF6C-421A-AA50-EAC7091FC937}.Release|Any CPU.ActiveCfg = Release|Any CPU
		{749248B1-AF6C-421A-AA50-EAC7091FC937}.Release|Any CPU.Build.0 = Release|Any CPU
	EndGlobalSection
	GlobalSection(SolutionProperties) = preSolution
		HideSolutionNode = FALSE
	EndGlobalSection
	GlobalSection(ExtensibilityGlobals) = postSolution
		SolutionGuid = {88BD90B0-E78B-444B-8366-06907C2C10C2}
	EndGlobalSection
EndGlobal
